{
    "_meta": {
        "hash": {
            "sha256": "827fcbe3f542ec30fdcd46f4bdabd78d063e56f6f3cc11e5a88a68f218261b82"
        },
        "pipfile-spec": 6,
        "requires": {
            "python_version": "3.12"
        },
        "sources": [
            {
                "name": "pypi",
                "url": "https://pypi.org/simple",
                "verify_ssl": true
            }
        ]
    },
    "default": {
        "whitenoise": {
            "hashes": [
                "sha256:0f5bfce6061ae6611cd9396a8231e088722e4fc67bc13a111be74c738d99375f",
                "sha256:b2aeb45950597236f53b5342b3121c5de69c8da0109362aee506ce88e022d258"
            ],
            "index": "pypi",
            "markers": "python_version >= '3.9'",
            "version": "==6.11.0"
        }
    },
    "develop": {}
}
